{
    "_meta": {
        "hash": {
            "sha256": "07469ad26331ff17ba20e444c81c0fa38e63043a0cbdb2df12b5a95d7c4eccb1"
        },
        "pipfile-spec": 6,
        "requires": {
            "python_version": "3.9"
        },
        "sources": [
            {
                "name": "pypi",
                "url": "https://pypi.org/simple",
                "verify_ssl": true
            }
        ]
    },
    "default": {
        "cli-ui": {
            "hashes": [
                "sha256:51a86cbd5f1e68b463e00c257c40d0976195880a598049880ea1d5f37740a1d1",
                "sha256:b0040209d69a307b959787db77a8a95d6d75c8b2986e0fa834b629fc7c1dec76"
            ],
            "index": "pypi",
            "version": "==0.14.0"
        },
        "colorama": {
            "hashes": [
                "sha256:5941b2b48a20143d2267e95b1c2a7603ce057ee39fd88e7329b0c292aa16869b",
                "sha256:9f47eda37229f68eee03b24b9748937c7dc3868f906e8ba69fbcbdd3bc5dc3e2"
            ],
            "markers": "python_version >= '2.7' and python_version not in '3.0, 3.1, 3.2, 3.3, 3.4'",
            "version": "==0.4.4"
        },
        "djitellopy2": {
            "hashes": [
                "sha256:4e87426d88db7d0c5c42fefd454a3c8dca9fa02ab3558dded86e840403c842c8",
                "sha256:68a3c7c60b6ea0a67cdc96a55302a9e6cc0c4d8530ca62434a1eb3ed83b0e47c"
            ],
            "index": "pypi",
            "version": "==2.3"
        },
        "numpy": {
            "hashes": [
                "sha256:2428b109306075d89d21135bdd6b785f132a1f5a3260c371cee1fae427e12727",
                "sha256:377751954da04d4a6950191b20539066b4e19e3b559d4695399c5e8e3e683bf6",
                "sha256:4703b9e937df83f5b6b7447ca5912b5f5f297aba45f91dbbbc63ff9278c7aa98",
                "sha256:471c0571d0895c68da309dacee4e95a0811d0a9f9f532a48dc1bea5f3b7ad2b7",
                "sha256:61d5b4cf73622e4d0c6b83408a16631b670fc045afd6540679aa35591a17fe6d",
                "sha256:6c915ee7dba1071554e70a3664a839fbc033e1d6528199d4621eeaaa5487ccd2",
                "sha256:6e51e417d9ae2e7848314994e6fc3832c9d426abce9328cf7571eefceb43e6c9",
                "sha256:719656636c48be22c23641859ff2419b27b6bdf844b36a2447cb39caceb00935",
                "sha256:780ae5284cb770ade51d4b4a7dce4faa554eb1d88a56d0e8b9f35fca9b0270ff",
                "sha256:878922bf5ad7550aa044aa9301d417e2d3ae50f0f577de92051d739ac6096cee",
                "sha256:924dc3f83de20437de95a73516f36e09918e9c9c18d5eac520062c49191025fb",
                "sha256:97ce8b8ace7d3b9288d88177e66ee75480fb79b9cf745e91ecfe65d91a856042",
                "sha256:9c0fab855ae790ca74b27e55240fe4f2a36a364a3f1ebcfd1fb5ac4088f1cec3",
                "sha256:9cab23439eb1ebfed1aaec9cd42b7dc50fc96d5cd3147da348d9161f0501ada5",
                "sha256:a8e6859913ec8eeef3dbe9aed3bf475347642d1cdd6217c30f28dee8903528e6",
                "sha256:aa046527c04688af680217fffac61eec2350ef3f3d7320c07fd33f5c6e7b4d5f",
                "sha256:abc81829c4039e7e4c30f7897938fa5d4916a09c2c7eb9b244b7a35ddc9656f4",
                "sha256:bad70051de2c50b1a6259a6df1daaafe8c480ca98132da98976d8591c412e737",
                "sha256:c73a7975d77f15f7f68dacfb2bca3d3f479f158313642e8ea9058eea06637931",
                "sha256:d15007f857d6995db15195217afdbddfcd203dfaa0ba6878a2f580eaf810ecd6",
                "sha256:d76061ae5cab49b83a8cf3feacefc2053fac672728802ac137dd8c4123397677",
                "sha256:e8e4fbbb7e7634f263c5b0150a629342cc19b47c5eba8d1cd4363ab3455ab576",
                "sha256:e9459f40244bb02b2f14f6af0cd0732791d72232bbb0dc4bab57ef88e75f6935",
                "sha256:edb1f041a9146dcf02cd7df7187db46ab524b9af2515f392f337c7cbbf5b52cd"
            ],
            "index": "pypi",
            "version": "==1.20.2"
        },
        "opencv-contrib-python": {
            "hashes": [
                "sha256:0dfb0cf9f66125930645506c37e1da4d6e55166dde6f4dbb4fd734fd6e7d9b6a",
                "sha256:29c5925ac8838d3ccbe872808185e6a0d842e276a116b01a6b387f8e3aab9dd6",
                "sha256:3663391d0cc34c44bcbd6ad18b62f0f4b70e31b459cb957ea851e5e2e0b7071b",
                "sha256:394f2f518c49279c928216f89520e90ad8354a8f538aa3e4bfe8e4d03fea05f1",
                "sha256:84d0f3015c51841b5f4beed80d7fa0e96daf85a0107cc967f6fc8196d0b24a61",
                "sha256:8efd92c81a1df7876efeef252f03057b2389da6acb1473921c0416b05ba5a48b",
                "sha256:ac695472f6008367cc4bce4c70b70c1790e401d83a0a8709203ab02cbedd6a9d",
                "sha256:add0e4350701e0393f0ac4d77dc0a0459a3585e5af2cfad86249ef026baefd58",
                "sha256:b4060f50fd7cceef6422ef943acf37668d7a4f793ccd1c7f96a815a7e414ce19",
                "sha256:c0cd167426740565f4c2e9defc1a7ab9298ed762bc0a95f8d47a2bd453297167",
                "sha256:d48cd02abe485cbf7f7ca4dd382fc6218fea47cb9a99f07b6d781fa8269a92e3",
                "sha256:daceb7ddcc70c677d2d707c20496db8a63151c0493f365a2986fe103790566da",
                "sha256:e289839368a428fad89ee221e85eddc8fa9920dff7382b0a8d3f2ba654c77cb1",
                "sha256:ef4a0c1a32f88dfcac388a58737645fe60a654b8ba8442a6bbdd815b6f37e74e",
                "sha256:f441b21e65c69c5258a68d206271ea103de180472650ab99d870723cbfc07962",
                "sha256:f7a35ccf7186afe45d66dab30a04b774753ab20df1c6046b9aff7ec76f2c8e0c"
            ],
            "index": "pypi",
            "version": "==4.5.2.52"
        },
        "opencv-python": {
            "hashes": [
                "sha256:1a9d6dd0b1d5cb6031c38b6acf2043b2ec1717093b39592c2a0b98f5b31c8d3e",
                "sha256:2cc96b8a9011fa3451d71699069a6a8c3578d91d0158c559def997a1a049ae0c",
                "sha256:31d6a413d459a18ef280d88e8d9257cc5e5009657022c88bb88694a94ccce3ba",
                "sha256:35d4fccd1e339df1e38eb1938af36c1972ab818684a747160403c1562008d867",
                "sha256:642ff6fe8d0a8297e248bf21676172381afbda767cd15ad51ab9d10201d99078",
                "sha256:68f1baa789a1ae92642ad436d29088051471b2e5cea40705cb8c9f8c9fc3c050",
                "sha256:71adc9f528d54fb41bfe275d7038ed4c9c5f1a4468419d4cac12dde6e938f3b8",
                "sha256:72f4e4f28169ecb9282570c4a86e992a762ea35ff67b19c05aab2c84eee212ca",
                "sha256:7e8e31b0e206c3567cb96408eb0e27314bb1526eb072f9e509db77af0262ecaf",
                "sha256:950242774a367efc90e3bed89e6e2fab7ff2867e2eafa440e4775b1ae57ac9f8",
                "sha256:a7aa72195cfd325a51fba287fadc61166367a3f89c57e7fe3e041132e192ac06",
                "sha256:b236001a5bacd18622db037e581521b38cffae070f345e05a7dd837dc3b7f2ef",
                "sha256:c8ee913a45aec73c4bb14c6c72c3c6ddbb0a1dd3ca45338b68bf169220396941",
                "sha256:cd231e073579192a8e4c88739e263de23bdaee0be7d85daae3afbda77e477da7",
                "sha256:dfa168f827561c52f746d5d80e3b10f31d6428bf6f72652765139129f189110b",
                "sha256:fd2e9e70ce30bdfdba6beeffeab117b760e6390e6b606e4b9f4ff03ccd2d7d1f"
            ],
            "markers": "python_version >= '3.6'",
            "version": "==4.5.2.52"
        },
        "tabulate": {
            "hashes": [
                "sha256:d7c013fe7abbc5e491394e10fa845f8f32fe54f8dc60c6622c6cf482d25d47e4",
                "sha256:eb1d13f25760052e8931f2ef80aaf6045a6cceb47514db8beab24cded16f13a7"
            ],
            "version": "==0.8.9"
        },
        "unidecode": {
            "hashes": [
                "sha256:12435ef2fc4cdfd9cf1035a1db7e98b6b047fe591892e81f34e94959591fad00",
                "sha256:8d73a97d387a956922344f6b74243c2c6771594659778744b2dbdaad8f6b727d"
            ],
            "version": "==1.2.0"
        }
    },
    "develop": {}
}
